{
  "name": "@jrapp/is",
  "version": "1.0.0",
  "lockfileVersion": 3,
  "requires": true,
  "packages": {
    "": {
      "name": "@jrapp/is",
      "version": "1.0.0",
      "license": "ISC",
      "devDependencies": {
        "@jrapp/node-test": "file:../../node/test"
      }
    },
    "../../node/test": {
      "name": "@jrapp/node-test",
      "version": "1.0.0",
      "dev": true,
      "license": "ISC",
      "devDependencies": {
        "@jrapp/is": "file:../../default/is"
      }
    },
    "node_modules/@jrapp/node-test": {
      "resolved": "../../node/test",
      "link": true
    }
  }
}
