{
  "name": "@jrapp/yaml",
  "version": "1.0.0",
  "lockfileVersion": 3,
  "requires": true,
  "packages": {
    "": {
      "name": "@jrapp/yaml",
      "version": "1.0.0",
      "license": "ISC",
      "dependencies": {
        "@jrapp/byte-array": "file:../byte-array",
        "@jrapp/is": "file:../is"
      },
      "devDependencies": {
        "@jrapp/node-test": "file:../../node/test"
      }
    },
    "../../node/test": {
      "name": "@jrapp/node-test",
      "version": "1.0.0",
      "dev": true,
      "license": "ISC",
      "devDependencies": {
        "@jrapp/is": "file:../../default/is"
      }
    },
    "../byte-array": {
      "name": "@jrapp/byte-array",
      "version": "1.0.0",
      "license": "ISC",
      "dependencies": {
        "@jrapp/is": "file:../is"
      },
      "devDependencies": {
        "@jrapp/node-test": "file:../../node/test"
      }
    },
    "../is": {
      "name": "@jrapp/is",
      "version": "1.0.0",
      "license": "ISC",
      "devDependencies": {
        "@jrapp/node-test": "file:../../node/test"
      }
    },
    "node_modules/@jrapp/byte-array": {
      "resolved": "../byte-array",
      "link": true
    },
    "node_modules/@jrapp/is": {
      "resolved": "../is",
      "link": true
    },
    "node_modules/@jrapp/node-test": {
      "resolved": "../../node/test",
      "link": true
    }
  }
}
