{
  "name": "@jrapp/ioc",
  "version": "1.0.0",
  "lockfileVersion": 3,
  "requires": true,
  "packages": {
    "": {
      "name": "@jrapp/ioc",
      "version": "1.0.0",
      "license": "ISC",
      "dependencies": {
        "@jrapp/error": "file:../error",
        "@jrapp/is-type": "file:../is-type",
        "@jrapp/iterable": "file:../iterable",
        "@jrapp/node-fs": "file:../node-fs",
        "@jrapp/object": "file:../object",
        "@jrapp/reflection": "file:../reflection",
        "@jrapp/xtermify": "file:../xtermify"
      },
      "devDependencies": {
        "@jrapp/testing": "file:../../develop/testing"
      }
    },
    "../../develop/testing": {
      "name": "@jrapp/testing",
      "version": "1.0.0",
      "dev": true,
      "license": "ISC",
      "devDependencies": {
        "@jrapp/is-type": "file:../../runtime/is-type"
      }
    },
    "../error": {
      "name": "@jrapp/error",
      "version": "1.0.0",
      "license": "ISC",
      "dependencies": {
        "@jrapp/is-type": "file:../is-type",
        "@jrapp/object": "file:../object"
      },
      "devDependencies": {
        "@jrapp/testing": "file:../../develop/testing"
      }
    },
    "../is-type": {
      "name": "@jrapp/is-type",
      "version": "1.0.0",
      "license": "ISC",
      "devDependencies": {
        "@jrapp/testing": "file:../../develop/testing"
      }
    },
    "../iterable": {
      "name": "@jrapp/iterable",
      "version": "1.0.0",
      "license": "ISC",
      "dependencies": {
        "@jrapp/is-type": "file:../is-type"
      },
      "devDependencies": {
        "@jrapp/testing": "file:../../develop/testing"
      }
    },
    "../log": {
      "name": "@jrapp/log",
      "version": "1.0.0",
      "extraneous": true,
      "license": "ISC",
      "devDependencies": {
        "@jrapp/humanify": "file:../humanify",
        "@jrapp/testing": "file:../../develop/testing",
        "@jrapp/xtermify": "file:../xtermify"
      }
    },
    "../node-fs": {
      "name": "@jrapp/node-fs",
      "version": "1.0.0",
      "license": "ISC",
      "devDependencies": {
        "@jrapp/byte-array": "file:../byte-array",
        "@jrapp/is-type": "file:../is-type",
        "@jrapp/node-path": "file:../node-path",
        "@jrapp/object": "file:../object",
        "@jrapp/testing": "file:../../develop/testing",
        "@jrapp/yaml": "file:../yaml"
      }
    },
    "../object": {
      "name": "@jrapp/object",
      "version": "1.0.0",
      "license": "ISC",
      "devDependencies": {
        "@jrapp/is-type": "file:../is-type",
        "@jrapp/testing": "file:../../develop/testing"
      }
    },
    "../reflection": {
      "name": "@jrapp/reflection",
      "version": "1.0.0",
      "license": "ISC",
      "dependencies": {
        "@jrapp/is-type": "file:../is-type",
        "@jrapp/object": "file:../object"
      },
      "devDependencies": {
        "@jrapp/testing": "file:../../develop/testing"
      }
    },
    "../xtermify": {
      "name": "@jrapp/xtermify",
      "version": "1.0.0",
      "license": "ISC",
      "devDependencies": {
        "@jrapp/is-type": "file:../is-type",
        "@jrapp/node-fs": "file:../node-fs",
        "@jrapp/object": "file:../object",
        "@jrapp/testing": "file:../../develop/testing"
      }
    },
    "node_modules/@jrapp/error": {
      "resolved": "../error",
      "link": true
    },
    "node_modules/@jrapp/is-type": {
      "resolved": "../is-type",
      "link": true
    },
    "node_modules/@jrapp/iterable": {
      "resolved": "../iterable",
      "link": true
    },
    "node_modules/@jrapp/node-fs": {
      "resolved": "../node-fs",
      "link": true
    },
    "node_modules/@jrapp/object": {
      "resolved": "../object",
      "link": true
    },
    "node_modules/@jrapp/reflection": {
      "resolved": "../reflection",
      "link": true
    },
    "node_modules/@jrapp/testing": {
      "resolved": "../../develop/testing",
      "link": true
    },
    "node_modules/@jrapp/xtermify": {
      "resolved": "../xtermify",
      "link": true
    }
  }
}
