{
  "name": "@jrapp/node-fs",
  "version": "1.0.0",
  "lockfileVersion": 3,
  "requires": true,
  "packages": {
    "": {
      "name": "@jrapp/node-fs",
      "version": "1.0.0",
      "license": "ISC",
      "devDependencies": {
        "@jrapp/byte-array": "file:../byte-array",
        "@jrapp/is-type": "file:../is-type",
        "@jrapp/node-path": "file:../node-path",
        "@jrapp/object": "file:../object",
        "@jrapp/testing": "file:../../develop/testing",
        "@jrapp/yaml": "file:../yaml"
      }
    },
    "../../develop/testing": {
      "name": "@jrapp/testing",
      "version": "1.0.0",
      "dev": true,
      "license": "ISC",
      "devDependencies": {
        "@jrapp/is-type": "file:../../runtime/is-type"
      }
    },
    "../byte-array": {
      "name": "@jrapp/byte-array",
      "version": "1.0.0",
      "dev": true,
      "license": "ISC",
      "devDependencies": {
        "@jrapp/is-type": "file:../is-type",
        "@jrapp/testing": "file:../../develop/testing"
      }
    },
    "../is-type": {
      "name": "@jrapp/is-type",
      "version": "1.0.0",
      "dev": true,
      "license": "ISC",
      "devDependencies": {
        "@jrapp/testing": "file:../../develop/testing"
      }
    },
    "../node-path": {
      "name": "@jrapp/node-path",
      "version": "1.0.0",
      "dev": true,
      "license": "ISC"
    },
    "../object": {
      "name": "@jrapp/object",
      "version": "1.0.0",
      "dev": true,
      "license": "ISC",
      "devDependencies": {
        "@jrapp/is-type": "file:../is-type",
        "@jrapp/testing": "file:../../develop/testing"
      }
    },
    "../yaml": {
      "name": "@jrapp/yaml",
      "version": "1.0.0",
      "dev": true,
      "license": "ISC",
      "devDependencies": {
        "@jrapp/is-type": "file:../is-type",
        "@jrapp/testing": "file:../../develop/testing"
      }
    },
    "node_modules/@jrapp/byte-array": {
      "resolved": "../byte-array",
      "link": true
    },
    "node_modules/@jrapp/is-type": {
      "resolved": "../is-type",
      "link": true
    },
    "node_modules/@jrapp/node-path": {
      "resolved": "../node-path",
      "link": true
    },
    "node_modules/@jrapp/object": {
      "resolved": "../object",
      "link": true
    },
    "node_modules/@jrapp/testing": {
      "resolved": "../../develop/testing",
      "link": true
    },
    "node_modules/@jrapp/yaml": {
      "resolved": "../yaml",
      "link": true
    }
  }
}
