{
  "name": "@jrapp/log",
  "version": "1.0.0",
  "lockfileVersion": 3,
  "requires": true,
  "packages": {
    "": {
      "name": "@jrapp/log",
      "version": "1.0.0",
      "license": "ISC",
      "devDependencies": {
        "@jrapp/humanify": "file:../humanify",
        "@jrapp/testing": "file:../../develop/testing",
        "@jrapp/xtermify": "file:../xtermify"
      }
    },
    "../../develop/testing": {
      "name": "@jrapp/testing",
      "version": "1.0.0",
      "dev": true,
      "license": "ISC",
      "devDependencies": {
        "@jrapp/is-type": "file:../../runtime/is-type"
      }
    },
    "../humanify": {
      "name": "@jrapp/humanify",
      "version": "1.0.0",
      "dev": true,
      "license": "ISC",
      "devDependencies": {
        "@jrapp/testing": "file:../../develop/testing"
      }
    },
    "../xtermify": {
      "name": "@jrapp/xtermify",
      "version": "1.0.0",
      "dev": true,
      "license": "ISC",
      "devDependencies": {
        "@jrapp/is-type": "file:../is-type",
        "@jrapp/node-fs": "file:../node-fs",
        "@jrapp/object": "file:../object",
        "@jrapp/testing": "file:../../develop/testing"
      }
    },
    "node_modules/@jrapp/humanify": {
      "resolved": "../humanify",
      "link": true
    },
    "node_modules/@jrapp/testing": {
      "resolved": "../../develop/testing",
      "link": true
    },
    "node_modules/@jrapp/xtermify": {
      "resolved": "../xtermify",
      "link": true
    }
  }
}
