{
  "name": "@jrapp/regexp",
  "version": "1.0.0",
  "lockfileVersion": 3,
  "requires": true,
  "packages": {
    "": {
      "name": "@jrapp/regexp",
      "version": "1.0.0",
      "license": "ISC",
      "dependencies": {
        "@jrapp/is": "file:../is",
        "@jrapp/iterable": "file:../iterable",
        "@jrapp/object": "file:../object"
      },
      "devDependencies": {
        "@jrapp/node-test": "file:../../node/test"
      }
    },
    "../../node/test": {
      "name": "@jrapp/node-test",
      "version": "1.0.0",
      "dev": true,
      "license": "ISC",
      "devDependencies": {
        "@jrapp/is": "file:../../default/is"
      }
    },
    "../is": {
      "name": "@jrapp/is",
      "version": "1.0.0",
      "license": "ISC",
      "devDependencies": {
        "@jrapp/node-test": "file:../../node/test"
      }
    },
    "../iterable": {
      "name": "@jrapp/iterable",
      "version": "1.0.0",
      "license": "ISC",
      "dependencies": {
        "@jrapp/is": "file:../is",
        "@jrapp/object": "file:../object"
      },
      "devDependencies": {
        "@jrapp/node-test": "file:../../node/test"
      }
    },
    "../object": {
      "name": "@jrapp/object",
      "version": "1.0.0",
      "license": "ISC",
      "devDependencies": {
        "@jrapp/node-test": "file:../../node/test"
      }
    },
    "node_modules/@jrapp/is": {
      "resolved": "../is",
      "link": true
    },
    "node_modules/@jrapp/iterable": {
      "resolved": "../iterable",
      "link": true
    },
    "node_modules/@jrapp/node-test": {
      "resolved": "../../node/test",
      "link": true
    },
    "node_modules/@jrapp/object": {
      "resolved": "../object",
      "link": true
    }
  }
}
