{
  "name": "@jrapp/xtermify",
  "version": "1.0.0",
  "lockfileVersion": 3,
  "requires": true,
  "packages": {
    "": {
      "name": "@jrapp/xtermify",
      "version": "1.0.0",
      "license": "ISC",
      "dependencies": {
        "@jrapp/is-type": "file:../../default/is",
        "@jrapp/node-fs": "file:../node-fs",
        "@jrapp/object": "file:../../default/object"
      },
      "devDependencies": {
        "@jrapp/node-test": "file:../../node/test"
      }
    },
    "../../default/is": {
      "name": "@jrapp/is",
      "version": "1.0.0",
      "license": "ISC",
      "devDependencies": {
        "@jrapp/node-test": "file:../../node/test"
      }
    },
    "../../default/object": {
      "name": "@jrapp/object",
      "version": "1.0.0",
      "license": "ISC",
      "devDependencies": {
        "@jrapp/node-test": "file:../../node/test"
      }
    },
    "../node-fs": {},
    "../test": {
      "name": "@jrapp/node-test",
      "version": "1.0.0",
      "dev": true,
      "license": "ISC",
      "devDependencies": {
        "@jrapp/is": "file:../../default/is"
      }
    },
    "node_modules/@jrapp/is-type": {
      "resolved": "../../default/is",
      "link": true
    },
    "node_modules/@jrapp/node-fs": {
      "resolved": "../node-fs",
      "link": true
    },
    "node_modules/@jrapp/node-test": {
      "resolved": "../test",
      "link": true
    },
    "node_modules/@jrapp/object": {
      "resolved": "../../default/object",
      "link": true
    }
  }
}
