{
  "name": "@jrapp/reflection",
  "version": "1.0.0",
  "lockfileVersion": 3,
  "requires": true,
  "packages": {
    "": {
      "name": "@jrapp/reflection",
      "version": "1.0.0",
      "license": "ISC",
      "dependencies": {
        "@jrapp/is-type": "file:../is-type",
        "@jrapp/object": "file:../object"
      },
      "devDependencies": {
        "@jrapp/testing": "file:../../develop/testing"
      }
    },
    "../../develop/testing": {
      "name": "@jrapp/testing",
      "version": "1.0.0",
      "dev": true,
      "license": "ISC",
      "devDependencies": {
        "@jrapp/is-type": "file:../../runtime/is-type"
      }
    },
    "../is-type": {
      "name": "@jrapp/is-type",
      "version": "1.0.0",
      "license": "ISC",
      "devDependencies": {
        "@jrapp/testing": "file:../../develop/testing"
      }
    },
    "../object": {
      "name": "@jrapp/object",
      "version": "1.0.0",
      "license": "ISC",
      "devDependencies": {
        "@jrapp/is-type": "file:../is-type",
        "@jrapp/testing": "file:../../develop/testing"
      }
    },
    "node_modules/@jrapp/is-type": {
      "resolved": "../is-type",
      "link": true
    },
    "node_modules/@jrapp/object": {
      "resolved": "../object",
      "link": true
    },
    "node_modules/@jrapp/testing": {
      "resolved": "../../develop/testing",
      "link": true
    }
  }
}
